
Microsoft Visual Studio Solution File, Format Version 12.00
# Visual Studio 14
VisualStudioVersion = 14.0.24720.0
MinimumVisualStudioVersion = 10.0.40219.1
Project("{FAE04EC0-301F-11D3-BF4B-00C04F79EFBC}") = "SEM", "SEM\SEM.csproj", "{EAF44A7A-2A44-44D2-BA8F-A74BFB055472}"
EndProject
Project("{FAE04EC0-301F-11D3-BF4B-00C04F79EFBC}") = "SEM.Tests", "SEM.Tests\SEM.Tests.csproj", "{13C1E388-F0AB-4632-BE88-AD02F02216AA}"
	ProjectSection(ProjectDependencies) = postProject
		{BFA793E2-D459-4126-98E8-12F9D837C22A} = {BFA793E2-D459-4126-98E8-12F9D837C22A}
	EndProjectSection
EndProject
Project("{FAE04EC0-301F-11D3-BF4B-00C04F79EFBC}") = "SEM.WcfServiceApplication", "SEM.WcfServiceApplication\SEM.WcfServiceApplication.csproj", "{BFA793E2-D459-4126-98E8-12F9D837C22A}"
EndProject
Project("{2150E333-8FDC-42A3-9474-1A3956D46DE8}") = "Solution Items", "Solution Items", "{DA7EC385-9872-4F30-B6ED-7F50F206C1A4}"
	ProjectSection(SolutionItems) = preProject
		..\..\Design.docx = ..\..\Design.docx
		..\..\Readme.txt = ..\..\Readme.txt
	EndProjectSection
EndProject
Project("{FAE04EC0-301F-11D3-BF4B-00C04F79EFBC}") = "SEM.DesktopClient", "SEM.DesktopClient\SEM.DesktopClient.csproj", "{84B2FA99-891E-4240-91FD-2638CC72042A}"
	ProjectSection(ProjectDependencies) = postProject
		{BFA793E2-D459-4126-98E8-12F9D837C22A} = {BFA793E2-D459-4126-98E8-12F9D837C22A}
	EndProjectSection
EndProject
Project("{00D1A9C2-B5F0-4AF3-8072-F6C62B433612}") = "SEM.Database", "SEM.Database\SEM.Database.sqlproj", "{7AADC9A0-D52F-4C35-B1D0-507BC962EB99}"
EndProject
Project("{FAE04EC0-301F-11D3-BF4B-00C04F79EFBC}") = "SEM.Core", "SEM.Core\SEM.Core.csproj", "{4021F036-8B42-43A8-9135-3CE1B69D62B9}"
EndProject
Project("{FAE04EC0-301F-11D3-BF4B-00C04F79EFBC}") = "SEM.WpfDestopApp", "SEM.WpfDestopApp\SEM.WpfDestopApp.csproj", "{6F85E338-1EEE-4CBB-8253-5C986792E414}"
	ProjectSection(ProjectDependencies) = postProject
		{BFA793E2-D459-4126-98E8-12F9D837C22A} = {BFA793E2-D459-4126-98E8-12F9D837C22A}
	EndProjectSection
EndProject
Global
	GlobalSection(SolutionConfigurationPlatforms) = preSolution
		Debug|Any CPU = Debug|Any CPU
		Debug|ARM = Debug|ARM
		Debug|Mixed Platforms = Debug|Mixed Platforms
		Debug|x64 = Debug|x64
		Debug|x86 = Debug|x86
		Demo|Any CPU = Demo|Any CPU
		Demo|ARM = Demo|ARM
		Demo|Mixed Platforms = Demo|Mixed Platforms
		Demo|x64 = Demo|x64
		Demo|x86 = Demo|x86
		Release|Any CPU = Release|Any CPU
		Release|ARM = Release|ARM
		Release|Mixed Platforms = Release|Mixed Platforms
		Release|x64 = Release|x64
		Release|x86 = Release|x86
		Test|Any CPU = Test|Any CPU
		Test|ARM = Test|ARM
		Test|Mixed Platforms = Test|Mixed Platforms
		Test|x64 = Test|x64
		Test|x86 = Test|x86
	EndGlobalSection
	GlobalSection(ProjectConfigurationPlatforms) = postSolution
		{EAF44A7A-2A44-44D2-BA8F-A74BFB055472}.Debug|Any CPU.ActiveCfg = Debug|Any CPU
		{EAF44A7A-2A44-44D2-BA8F-A74BFB055472}.Debug|Any CPU.Build.0 = Debug|Any CPU
		{EAF44A7A-2A44-44D2-BA8F-A74BFB055472}.Debug|ARM.ActiveCfg = Debug|Any CPU
		{EAF44A7A-2A44-44D2-BA8F-A74BFB055472}.Debug|ARM.Build.0 = Debug|Any CPU
		{EAF44A7A-2A44-44D2-BA8F-A74BFB055472}.Debug|Mixed Platforms.ActiveCfg = Debug|Any CPU
		{EAF44A7A-2A44-44D2-BA8F-A74BFB055472}.Debug|x64.ActiveCfg = Debug|Any CPU
		{EAF44A7A-2A44-44D2-BA8F-A74BFB055472}.Debug|x64.Build.0 = Debug|Any CPU
		{EAF44A7A-2A44-44D2-BA8F-A74BFB055472}.Debug|x86.ActiveCfg = Debug|Any CPU
		{EAF44A7A-2A44-44D2-BA8F-A74BFB055472}.Demo|Any CPU.ActiveCfg = Debug|Any CPU
		{EAF44A7A-2A44-44D2-BA8F-A74BFB055472}.Demo|ARM.ActiveCfg = Debug|Any CPU
		{EAF44A7A-2A44-44D2-BA8F-A74BFB055472}.Demo|ARM.Build.0 = Debug|Any CPU
		{EAF44A7A-2A44-44D2-BA8F-A74BFB055472}.Demo|Mixed Platforms.ActiveCfg = Debug|Any CPU
		{EAF44A7A-2A44-44D2-BA8F-A74BFB055472}.Demo|x64.ActiveCfg = Debug|Any CPU
		{EAF44A7A-2A44-44D2-BA8F-A74BFB055472}.Demo|x64.Build.0 = Debug|Any CPU
		{EAF44A7A-2A44-44D2-BA8F-A74BFB055472}.Demo|x86.ActiveCfg = Debug|Any CPU
		{EAF44A7A-2A44-44D2-BA8F-A74BFB055472}.Release|Any CPU.ActiveCfg = Release|Any CPU
		{EAF44A7A-2A44-44D2-BA8F-A74BFB055472}.Release|Any CPU.Build.0 = Release|Any CPU
		{EAF44A7A-2A44-44D2-BA8F-A74BFB055472}.Release|ARM.ActiveCfg = Release|Any CPU
		{EAF44A7A-2A44-44D2-BA8F-A74BFB055472}.Release|ARM.Build.0 = Release|Any CPU
		{EAF44A7A-2A44-44D2-BA8F-A74BFB055472}.Release|Mixed Platforms.ActiveCfg = Release|Any CPU
		{EAF44A7A-2A44-44D2-BA8F-A74BFB055472}.Release|x64.ActiveCfg = Release|Any CPU
		{EAF44A7A-2A44-44D2-BA8F-A74BFB055472}.Release|x64.Build.0 = Release|Any CPU
		{EAF44A7A-2A44-44D2-BA8F-A74BFB055472}.Release|x86.ActiveCfg = Release|Any CPU
		{EAF44A7A-2A44-44D2-BA8F-A74BFB055472}.Test|Any CPU.ActiveCfg = Release|Any CPU
		{EAF44A7A-2A44-44D2-BA8F-A74BFB055472}.Test|ARM.ActiveCfg = Release|Any CPU
		{EAF44A7A-2A44-44D2-BA8F-A74BFB055472}.Test|ARM.Build.0 = Release|Any CPU
		{EAF44A7A-2A44-44D2-BA8F-A74BFB055472}.Test|Mixed Platforms.ActiveCfg = Release|Any CPU
		{EAF44A7A-2A44-44D2-BA8F-A74BFB055472}.Test|x64.ActiveCfg = Release|Any CPU
		{EAF44A7A-2A44-44D2-BA8F-A74BFB055472}.Test|x64.Build.0 = Release|Any CPU
		{EAF44A7A-2A44-44D2-BA8F-A74BFB055472}.Test|x86.ActiveCfg = Release|Any CPU
		{13C1E388-F0AB-4632-BE88-AD02F02216AA}.Debug|Any CPU.ActiveCfg = Debug|Any CPU
		{13C1E388-F0AB-4632-BE88-AD02F02216AA}.Debug|Any CPU.Build.0 = Debug|Any CPU
		{13C1E388-F0AB-4632-BE88-AD02F02216AA}.Debug|ARM.ActiveCfg = Debug|Any CPU
		{13C1E388-F0AB-4632-BE88-AD02F02216AA}.Debug|ARM.Build.0 = Debug|Any CPU
		{13C1E388-F0AB-4632-BE88-AD02F02216AA}.Debug|Mixed Platforms.ActiveCfg = Debug|Any CPU
		{13C1E388-F0AB-4632-BE88-AD02F02216AA}.Debug|x64.ActiveCfg = Debug|Any CPU
		{13C1E388-F0AB-4632-BE88-AD02F02216AA}.Debug|x64.Build.0 = Debug|Any CPU
		{13C1E388-F0AB-4632-BE88-AD02F02216AA}.Debug|x86.ActiveCfg = Debug|Any CPU
		{13C1E388-F0AB-4632-BE88-AD02F02216AA}.Demo|Any CPU.ActiveCfg = Debug|Any CPU
		{13C1E388-F0AB-4632-BE88-AD02F02216AA}.Demo|ARM.ActiveCfg = Debug|Any CPU
		{13C1E388-F0AB-4632-BE88-AD02F02216AA}.Demo|ARM.Build.0 = Debug|Any CPU
		{13C1E388-F0AB-4632-BE88-AD02F02216AA}.Demo|Mixed Platforms.ActiveCfg = Debug|Any CPU
		{13C1E388-F0AB-4632-BE88-AD02F02216AA}.Demo|x64.ActiveCfg = Debug|Any CPU
		{13C1E388-F0AB-4632-BE88-AD02F02216AA}.Demo|x64.Build.0 = Debug|Any CPU
		{13C1E388-F0AB-4632-BE88-AD02F02216AA}.Demo|x86.ActiveCfg = Debug|Any CPU
		{13C1E388-F0AB-4632-BE88-AD02F02216AA}.Release|Any CPU.ActiveCfg = Release|Any CPU
		{13C1E388-F0AB-4632-BE88-AD02F02216AA}.Release|Any CPU.Build.0 = Release|Any CPU
		{13C1E388-F0AB-4632-BE88-AD02F02216AA}.Release|ARM.ActiveCfg = Release|Any CPU
		{13C1E388-F0AB-4632-BE88-AD02F02216AA}.Release|ARM.Build.0 = Release|Any CPU
		{13C1E388-F0AB-4632-BE88-AD02F02216AA}.Release|Mixed Platforms.ActiveCfg = Release|Any CPU
		{13C1E388-F0AB-4632-BE88-AD02F02216AA}.Release|x64.ActiveCfg = Release|Any CPU
		{13C1E388-F0AB-4632-BE88-AD02F02216AA}.Release|x64.Build.0 = Release|Any CPU
		{13C1E388-F0AB-4632-BE88-AD02F02216AA}.Release|x86.ActiveCfg = Release|Any CPU
		{13C1E388-F0AB-4632-BE88-AD02F02216AA}.Test|Any CPU.ActiveCfg = Release|Any CPU
		{13C1E388-F0AB-4632-BE88-AD02F02216AA}.Test|ARM.ActiveCfg = Release|Any CPU
		{13C1E388-F0AB-4632-BE88-AD02F02216AA}.Test|ARM.Build.0 = Release|Any CPU
		{13C1E388-F0AB-4632-BE88-AD02F02216AA}.Test|Mixed Platforms.ActiveCfg = Release|Any CPU
		{13C1E388-F0AB-4632-BE88-AD02F02216AA}.Test|x64.ActiveCfg = Release|Any CPU
		{13C1E388-F0AB-4632-BE88-AD02F02216AA}.Test|x64.Build.0 = Release|Any CPU
		{13C1E388-F0AB-4632-BE88-AD02F02216AA}.Test|x86.ActiveCfg = Release|Any CPU
		{BFA793E2-D459-4126-98E8-12F9D837C22A}.Debug|Any CPU.ActiveCfg = Debug|Any CPU
		{BFA793E2-D459-4126-98E8-12F9D837C22A}.Debug|Any CPU.Build.0 = Debug|Any CPU
		{BFA793E2-D459-4126-98E8-12F9D837C22A}.Debug|ARM.ActiveCfg = Debug|Any CPU
		{BFA793E2-D459-4126-98E8-12F9D837C22A}.Debug|ARM.Build.0 = Debug|Any CPU
		{BFA793E2-D459-4126-98E8-12F9D837C22A}.Debug|Mixed Platforms.ActiveCfg = Debug|Any CPU
		{BFA793E2-D459-4126-98E8-12F9D837C22A}.Debug|x64.ActiveCfg = Debug|Any CPU
		{BFA793E2-D459-4126-98E8-12F9D837C22A}.Debug|x64.Build.0 = Debug|Any CPU
		{BFA793E2-D459-4126-98E8-12F9D837C22A}.Debug|x86.ActiveCfg = Debug|Any CPU
		{BFA793E2-D459-4126-98E8-12F9D837C22A}.Demo|Any CPU.ActiveCfg = Debug|Any CPU
		{BFA793E2-D459-4126-98E8-12F9D837C22A}.Demo|ARM.ActiveCfg = Debug|Any CPU
		{BFA793E2-D459-4126-98E8-12F9D837C22A}.Demo|ARM.Build.0 = Debug|Any CPU
		{BFA793E2-D459-4126-98E8-12F9D837C22A}.Demo|Mixed Platforms.ActiveCfg = Debug|Any CPU
		{BFA793E2-D459-4126-98E8-12F9D837C22A}.Demo|x64.ActiveCfg = Debug|Any CPU
		{BFA793E2-D459-4126-98E8-12F9D837C22A}.Demo|x64.Build.0 = Debug|Any CPU
		{BFA793E2-D459-4126-98E8-12F9D837C22A}.Demo|x86.ActiveCfg = Debug|Any CPU
		{BFA793E2-D459-4126-98E8-12F9D837C22A}.Release|Any CPU.ActiveCfg = Release|Any CPU
		{BFA793E2-D459-4126-98E8-12F9D837C22A}.Release|Any CPU.Build.0 = Release|Any CPU
		{BFA793E2-D459-4126-98E8-12F9D837C22A}.Release|ARM.ActiveCfg = Release|Any CPU
		{BFA793E2-D459-4126-98E8-12F9D837C22A}.Release|ARM.Build.0 = Release|Any CPU
		{BFA793E2-D459-4126-98E8-12F9D837C22A}.Release|Mixed Platforms.ActiveCfg = Release|Any CPU
		{BFA793E2-D459-4126-98E8-12F9D837C22A}.Release|x64.ActiveCfg = Release|Any CPU
		{BFA793E2-D459-4126-98E8-12F9D837C22A}.Release|x64.Build.0 = Release|Any CPU
		{BFA793E2-D459-4126-98E8-12F9D837C22A}.Release|x86.ActiveCfg = Release|Any CPU
		{BFA793E2-D459-4126-98E8-12F9D837C22A}.Test|Any CPU.ActiveCfg = Release|Any CPU
		{BFA793E2-D459-4126-98E8-12F9D837C22A}.Test|ARM.ActiveCfg = Release|Any CPU
		{BFA793E2-D459-4126-98E8-12F9D837C22A}.Test|ARM.Build.0 = Release|Any CPU
		{BFA793E2-D459-4126-98E8-12F9D837C22A}.Test|Mixed Platforms.ActiveCfg = Release|Any CPU
		{BFA793E2-D459-4126-98E8-12F9D837C22A}.Test|x64.ActiveCfg = Release|Any CPU
		{BFA793E2-D459-4126-98E8-12F9D837C22A}.Test|x64.Build.0 = Release|Any CPU
		{BFA793E2-D459-4126-98E8-12F9D837C22A}.Test|x86.ActiveCfg = Release|Any CPU
		{84B2FA99-891E-4240-91FD-2638CC72042A}.Debug|Any CPU.ActiveCfg = Debug|x86
		{84B2FA99-891E-4240-91FD-2638CC72042A}.Debug|Any CPU.Build.0 = Debug|x86
		{84B2FA99-891E-4240-91FD-2638CC72042A}.Debug|Any CPU.Deploy.0 = Debug|x86
		{84B2FA99-891E-4240-91FD-2638CC72042A}.Debug|ARM.ActiveCfg = Debug|ARM
		{84B2FA99-891E-4240-91FD-2638CC72042A}.Debug|ARM.Build.0 = Debug|ARM
		{84B2FA99-891E-4240-91FD-2638CC72042A}.Debug|ARM.Deploy.0 = Debug|ARM
		{84B2FA99-891E-4240-91FD-2638CC72042A}.Debug|Mixed Platforms.ActiveCfg = Debug|x86
		{84B2FA99-891E-4240-91FD-2638CC72042A}.Debug|Mixed Platforms.Build.0 = Debug|x86
		{84B2FA99-891E-4240-91FD-2638CC72042A}.Debug|Mixed Platforms.Deploy.0 = Debug|x86
		{84B2FA99-891E-4240-91FD-2638CC72042A}.Debug|x64.ActiveCfg = Debug|x64
		{84B2FA99-891E-4240-91FD-2638CC72042A}.Debug|x64.Build.0 = Debug|x64
		{84B2FA99-891E-4240-91FD-2638CC72042A}.Debug|x64.Deploy.0 = Debug|x64
		{84B2FA99-891E-4240-91FD-2638CC72042A}.Debug|x86.ActiveCfg = Debug|x86
		{84B2FA99-891E-4240-91FD-2638CC72042A}.Debug|x86.Build.0 = Debug|x86
		{84B2FA99-891E-4240-91FD-2638CC72042A}.Debug|x86.Deploy.0 = Debug|x86
		{84B2FA99-891E-4240-91FD-2638CC72042A}.Demo|Any CPU.ActiveCfg = Release|x64
		{84B2FA99-891E-4240-91FD-2638CC72042A}.Demo|Any CPU.Build.0 = Release|x64
		{84B2FA99-891E-4240-91FD-2638CC72042A}.Demo|Any CPU.Deploy.0 = Release|x64
		{84B2FA99-891E-4240-91FD-2638CC72042A}.Demo|ARM.ActiveCfg = Debug|ARM
		{84B2FA99-891E-4240-91FD-2638CC72042A}.Demo|ARM.Build.0 = Debug|ARM
		{84B2FA99-891E-4240-91FD-2638CC72042A}.Demo|ARM.Deploy.0 = Debug|ARM
		{84B2FA99-891E-4240-91FD-2638CC72042A}.Demo|Mixed Platforms.ActiveCfg = Debug|x86
		{84B2FA99-891E-4240-91FD-2638CC72042A}.Demo|Mixed Platforms.Build.0 = Debug|x86
		{84B2FA99-891E-4240-91FD-2638CC72042A}.Demo|Mixed Platforms.Deploy.0 = Debug|x86
		{84B2FA99-891E-4240-91FD-2638CC72042A}.Demo|x64.ActiveCfg = Debug|x64
		{84B2FA99-891E-4240-91FD-2638CC72042A}.Demo|x64.Build.0 = Debug|x64
		{84B2FA99-891E-4240-91FD-2638CC72042A}.Demo|x64.Deploy.0 = Debug|x64
		{84B2FA99-891E-4240-91FD-2638CC72042A}.Demo|x86.ActiveCfg = Debug|x86
		{84B2FA99-891E-4240-91FD-2638CC72042A}.Demo|x86.Build.0 = Debug|x86
		{84B2FA99-891E-4240-91FD-2638CC72042A}.Demo|x86.Deploy.0 = Debug|x86
		{84B2FA99-891E-4240-91FD-2638CC72042A}.Release|Any CPU.ActiveCfg = Release|x86
		{84B2FA99-891E-4240-91FD-2638CC72042A}.Release|ARM.ActiveCfg = Release|ARM
		{84B2FA99-891E-4240-91FD-2638CC72042A}.Release|ARM.Build.0 = Release|ARM
		{84B2FA99-891E-4240-91FD-2638CC72042A}.Release|ARM.Deploy.0 = Release|ARM
		{84B2FA99-891E-4240-91FD-2638CC72042A}.Release|Mixed Platforms.ActiveCfg = Release|x86
		{84B2FA99-891E-4240-91FD-2638CC72042A}.Release|Mixed Platforms.Build.0 = Release|x86
		{84B2FA99-891E-4240-91FD-2638CC72042A}.Release|Mixed Platforms.Deploy.0 = Release|x86
		{84B2FA99-891E-4240-91FD-2638CC72042A}.Release|x64.ActiveCfg = Release|x64
		{84B2FA99-891E-4240-91FD-2638CC72042A}.Release|x64.Build.0 = Release|x64
		{84B2FA99-891E-4240-91FD-2638CC72042A}.Release|x64.Deploy.0 = Release|x64
		{84B2FA99-891E-4240-91FD-2638CC72042A}.Release|x86.ActiveCfg = Release|x86
		{84B2FA99-891E-4240-91FD-2638CC72042A}.Release|x86.Build.0 = Release|x86
		{84B2FA99-891E-4240-91FD-2638CC72042A}.Release|x86.Deploy.0 = Release|x86
		{84B2FA99-891E-4240-91FD-2638CC72042A}.Test|Any CPU.ActiveCfg = Release|x64
		{84B2FA99-891E-4240-91FD-2638CC72042A}.Test|Any CPU.Build.0 = Release|x64
		{84B2FA99-891E-4240-91FD-2638CC72042A}.Test|Any CPU.Deploy.0 = Release|x64
		{84B2FA99-891E-4240-91FD-2638CC72042A}.Test|ARM.ActiveCfg = Release|ARM
		{84B2FA99-891E-4240-91FD-2638CC72042A}.Test|ARM.Build.0 = Release|ARM
		{84B2FA99-891E-4240-91FD-2638CC72042A}.Test|ARM.Deploy.0 = Release|ARM
		{84B2FA99-891E-4240-91FD-2638CC72042A}.Test|Mixed Platforms.ActiveCfg = Release|x86
		{84B2FA99-891E-4240-91FD-2638CC72042A}.Test|Mixed Platforms.Build.0 = Release|x86
		{84B2FA99-891E-4240-91FD-2638CC72042A}.Test|Mixed Platforms.Deploy.0 = Release|x86
		{84B2FA99-891E-4240-91FD-2638CC72042A}.Test|x64.ActiveCfg = Release|x64
		{84B2FA99-891E-4240-91FD-2638CC72042A}.Test|x64.Build.0 = Release|x64
		{84B2FA99-891E-4240-91FD-2638CC72042A}.Test|x64.Deploy.0 = Release|x64
		{84B2FA99-891E-4240-91FD-2638CC72042A}.Test|x86.ActiveCfg = Release|x86
		{84B2FA99-891E-4240-91FD-2638CC72042A}.Test|x86.Build.0 = Release|x86
		{84B2FA99-891E-4240-91FD-2638CC72042A}.Test|x86.Deploy.0 = Release|x86
		{7AADC9A0-D52F-4C35-B1D0-507BC962EB99}.Debug|Any CPU.ActiveCfg = Debug|Any CPU
		{7AADC9A0-D52F-4C35-B1D0-507BC962EB99}.Debug|Any CPU.Build.0 = Debug|Any CPU
		{7AADC9A0-D52F-4C35-B1D0-507BC962EB99}.Debug|Any CPU.Deploy.0 = Debug|Any CPU
		{7AADC9A0-D52F-4C35-B1D0-507BC962EB99}.Debug|ARM.ActiveCfg = Debug|Any CPU
		{7AADC9A0-D52F-4C35-B1D0-507BC962EB99}.Debug|ARM.Build.0 = Debug|Any CPU
		{7AADC9A0-D52F-4C35-B1D0-507BC962EB99}.Debug|ARM.Deploy.0 = Debug|Any CPU
		{7AADC9A0-D52F-4C35-B1D0-507BC962EB99}.Debug|Mixed Platforms.ActiveCfg = Debug|Any CPU
		{7AADC9A0-D52F-4C35-B1D0-507BC962EB99}.Debug|Mixed Platforms.Build.0 = Debug|Any CPU
		{7AADC9A0-D52F-4C35-B1D0-507BC962EB99}.Debug|Mixed Platforms.Deploy.0 = Debug|Any CPU
		{7AADC9A0-D52F-4C35-B1D0-507BC962EB99}.Debug|x64.ActiveCfg = Debug|Any CPU
		{7AADC9A0-D52F-4C35-B1D0-507BC962EB99}.Debug|x64.Build.0 = Debug|Any CPU
		{7AADC9A0-D52F-4C35-B1D0-507BC962EB99}.Debug|x64.Deploy.0 = Debug|Any CPU
		{7AADC9A0-D52F-4C35-B1D0-507BC962EB99}.Debug|x86.ActiveCfg = Debug|Any CPU
		{7AADC9A0-D52F-4C35-B1D0-507BC962EB99}.Debug|x86.Build.0 = Debug|Any CPU
		{7AADC9A0-D52F-4C35-B1D0-507BC962EB99}.Debug|x86.Deploy.0 = Debug|Any CPU
		{7AADC9A0-D52F-4C35-B1D0-507BC962EB99}.Demo|Any CPU.ActiveCfg = Debug|Any CPU
		{7AADC9A0-D52F-4C35-B1D0-507BC962EB99}.Demo|Any CPU.Build.0 = Debug|Any CPU
		{7AADC9A0-D52F-4C35-B1D0-507BC962EB99}.Demo|Any CPU.Deploy.0 = Debug|Any CPU
		{7AADC9A0-D52F-4C35-B1D0-507BC962EB99}.Demo|ARM.ActiveCfg = Debug|Any CPU
		{7AADC9A0-D52F-4C35-B1D0-507BC962EB99}.Demo|ARM.Build.0 = Debug|Any CPU
		{7AADC9A0-D52F-4C35-B1D0-507BC962EB99}.Demo|ARM.Deploy.0 = Debug|Any CPU
		{7AADC9A0-D52F-4C35-B1D0-507BC962EB99}.Demo|Mixed Platforms.ActiveCfg = Debug|Any CPU
		{7AADC9A0-D52F-4C35-B1D0-507BC962EB99}.Demo|Mixed Platforms.Build.0 = Debug|Any CPU
		{7AADC9A0-D52F-4C35-B1D0-507BC962EB99}.Demo|Mixed Platforms.Deploy.0 = Debug|Any CPU
		{7AADC9A0-D52F-4C35-B1D0-507BC962EB99}.Demo|x64.ActiveCfg = Debug|Any CPU
		{7AADC9A0-D52F-4C35-B1D0-507BC962EB99}.Demo|x64.Build.0 = Debug|Any CPU
		{7AADC9A0-D52F-4C35-B1D0-507BC962EB99}.Demo|x64.Deploy.0 = Debug|Any CPU
		{7AADC9A0-D52F-4C35-B1D0-507BC962EB99}.Demo|x86.ActiveCfg = Debug|Any CPU
		{7AADC9A0-D52F-4C35-B1D0-507BC962EB99}.Demo|x86.Build.0 = Debug|Any CPU
		{7AADC9A0-D52F-4C35-B1D0-507BC962EB99}.Demo|x86.Deploy.0 = Debug|Any CPU
		{7AADC9A0-D52F-4C35-B1D0-507BC962EB99}.Release|Any CPU.ActiveCfg = Release|Any CPU
		{7AADC9A0-D52F-4C35-B1D0-507BC962EB99}.Release|Any CPU.Build.0 = Release|Any CPU
		{7AADC9A0-D52F-4C35-B1D0-507BC962EB99}.Release|Any CPU.Deploy.0 = Release|Any CPU
		{7AADC9A0-D52F-4C35-B1D0-507BC962EB99}.Release|ARM.ActiveCfg = Release|Any CPU
		{7AADC9A0-D52F-4C35-B1D0-507BC962EB99}.Release|ARM.Build.0 = Release|Any CPU
		{7AADC9A0-D52F-4C35-B1D0-507BC962EB99}.Release|ARM.Deploy.0 = Release|Any CPU
		{7AADC9A0-D52F-4C35-B1D0-507BC962EB99}.Release|Mixed Platforms.ActiveCfg = Release|Any CPU
		{7AADC9A0-D52F-4C35-B1D0-507BC962EB99}.Release|Mixed Platforms.Build.0 = Release|Any CPU
		{7AADC9A0-D52F-4C35-B1D0-507BC962EB99}.Release|Mixed Platforms.Deploy.0 = Release|Any CPU
		{7AADC9A0-D52F-4C35-B1D0-507BC962EB99}.Release|x64.ActiveCfg = Release|Any CPU
		{7AADC9A0-D52F-4C35-B1D0-507BC962EB99}.Release|x64.Build.0 = Release|Any CPU
		{7AADC9A0-D52F-4C35-B1D0-507BC962EB99}.Release|x64.Deploy.0 = Release|Any CPU
		{7AADC9A0-D52F-4C35-B1D0-507BC962EB99}.Release|x86.ActiveCfg = Release|Any CPU
		{7AADC9A0-D52F-4C35-B1D0-507BC962EB99}.Release|x86.Build.0 = Release|Any CPU
		{7AADC9A0-D52F-4C35-B1D0-507BC962EB99}.Release|x86.Deploy.0 = Release|Any CPU
		{7AADC9A0-D52F-4C35-B1D0-507BC962EB99}.Test|Any CPU.ActiveCfg = Debug|Any CPU
		{7AADC9A0-D52F-4C35-B1D0-507BC962EB99}.Test|Any CPU.Build.0 = Debug|Any CPU
		{7AADC9A0-D52F-4C35-B1D0-507BC962EB99}.Test|Any CPU.Deploy.0 = Debug|Any CPU
		{7AADC9A0-D52F-4C35-B1D0-507BC962EB99}.Test|ARM.ActiveCfg = Debug|Any CPU
		{7AADC9A0-D52F-4C35-B1D0-507BC962EB99}.Test|ARM.Build.0 = Debug|Any CPU
		{7AADC9A0-D52F-4C35-B1D0-507BC962EB99}.Test|ARM.Deploy.0 = Debug|Any CPU
		{7AADC9A0-D52F-4C35-B1D0-507BC962EB99}.Test|Mixed Platforms.ActiveCfg = Debug|Any CPU
		{7AADC9A0-D52F-4C35-B1D0-507BC962EB99}.Test|Mixed Platforms.Build.0 = Debug|Any CPU
		{7AADC9A0-D52F-4C35-B1D0-507BC962EB99}.Test|Mixed Platforms.Deploy.0 = Debug|Any CPU
		{7AADC9A0-D52F-4C35-B1D0-507BC962EB99}.Test|x64.ActiveCfg = Debug|Any CPU
		{7AADC9A0-D52F-4C35-B1D0-507BC962EB99}.Test|x64.Build.0 = Debug|Any CPU
		{7AADC9A0-D52F-4C35-B1D0-507BC962EB99}.Test|x64.Deploy.0 = Debug|Any CPU
		{7AADC9A0-D52F-4C35-B1D0-507BC962EB99}.Test|x86.ActiveCfg = Debug|Any CPU
		{7AADC9A0-D52F-4C35-B1D0-507BC962EB99}.Test|x86.Build.0 = Debug|Any CPU
		{7AADC9A0-D52F-4C35-B1D0-507BC962EB99}.Test|x86.Deploy.0 = Debug|Any CPU
		{4021F036-8B42-43A8-9135-3CE1B69D62B9}.Debug|Any CPU.ActiveCfg = Debug|Any CPU
		{4021F036-8B42-43A8-9135-3CE1B69D62B9}.Debug|Any CPU.Build.0 = Debug|Any CPU
		{4021F036-8B42-43A8-9135-3CE1B69D62B9}.Debug|ARM.ActiveCfg = Debug|Any CPU
		{4021F036-8B42-43A8-9135-3CE1B69D62B9}.Debug|ARM.Build.0 = Debug|Any CPU
		{4021F036-8B42-43A8-9135-3CE1B69D62B9}.Debug|Mixed Platforms.ActiveCfg = Debug|Any CPU
		{4021F036-8B42-43A8-9135-3CE1B69D62B9}.Debug|Mixed Platforms.Build.0 = Debug|Any CPU
		{4021F036-8B42-43A8-9135-3CE1B69D62B9}.Debug|x64.ActiveCfg = Debug|Any CPU
		{4021F036-8B42-43A8-9135-3CE1B69D62B9}.Debug|x64.Build.0 = Debug|Any CPU
		{4021F036-8B42-43A8-9135-3CE1B69D62B9}.Debug|x86.ActiveCfg = Debug|Any CPU
		{4021F036-8B42-43A8-9135-3CE1B69D62B9}.Debug|x86.Build.0 = Debug|Any CPU
		{4021F036-8B42-43A8-9135-3CE1B69D62B9}.Demo|Any CPU.ActiveCfg = Debug|Any CPU
		{4021F036-8B42-43A8-9135-3CE1B69D62B9}.Demo|Any CPU.Build.0 = Debug|Any CPU
		{4021F036-8B42-43A8-9135-3CE1B69D62B9}.Demo|ARM.ActiveCfg = Debug|Any CPU
		{4021F036-8B42-43A8-9135-3CE1B69D62B9}.Demo|ARM.Build.0 = Debug|Any CPU
		{4021F036-8B42-43A8-9135-3CE1B69D62B9}.Demo|Mixed Platforms.ActiveCfg = Debug|Any CPU
		{4021F036-8B42-43A8-9135-3CE1B69D62B9}.Demo|Mixed Platforms.Build.0 = Debug|Any CPU
		{4021F036-8B42-43A8-9135-3CE1B69D62B9}.Demo|x64.ActiveCfg = Debug|Any CPU
		{4021F036-8B42-43A8-9135-3CE1B69D62B9}.Demo|x64.Build.0 = Debug|Any CPU
		{4021F036-8B42-43A8-9135-3CE1B69D62B9}.Demo|x86.ActiveCfg = Debug|Any CPU
		{4021F036-8B42-43A8-9135-3CE1B69D62B9}.Demo|x86.Build.0 = Debug|Any CPU
		{4021F036-8B42-43A8-9135-3CE1B69D62B9}.Release|Any CPU.ActiveCfg = Release|Any CPU
		{4021F036-8B42-43A8-9135-3CE1B69D62B9}.Release|Any CPU.Build.0 = Release|Any CPU
		{4021F036-8B42-43A8-9135-3CE1B69D62B9}.Release|ARM.ActiveCfg = Release|Any CPU
		{4021F036-8B42-43A8-9135-3CE1B69D62B9}.Release|ARM.Build.0 = Release|Any CPU
		{4021F036-8B42-43A8-9135-3CE1B69D62B9}.Release|Mixed Platforms.ActiveCfg = Release|Any CPU
		{4021F036-8B42-43A8-9135-3CE1B69D62B9}.Release|Mixed Platforms.Build.0 = Release|Any CPU
		{4021F036-8B42-43A8-9135-3CE1B69D62B9}.Release|x64.ActiveCfg = Release|Any CPU
		{4021F036-8B42-43A8-9135-3CE1B69D62B9}.Release|x64.Build.0 = Release|Any CPU
		{4021F036-8B42-43A8-9135-3CE1B69D62B9}.Release|x86.ActiveCfg = Release|Any CPU
		{4021F036-8B42-43A8-9135-3CE1B69D62B9}.Release|x86.Build.0 = Release|Any CPU
		{4021F036-8B42-43A8-9135-3CE1B69D62B9}.Test|Any CPU.ActiveCfg = Release|Any CPU
		{4021F036-8B42-43A8-9135-3CE1B69D62B9}.Test|Any CPU.Build.0 = Release|Any CPU
		{4021F036-8B42-43A8-9135-3CE1B69D62B9}.Test|ARM.ActiveCfg = Release|Any CPU
		{4021F036-8B42-43A8-9135-3CE1B69D62B9}.Test|ARM.Build.0 = Release|Any CPU
		{4021F036-8B42-43A8-9135-3CE1B69D62B9}.Test|Mixed Platforms.ActiveCfg = Release|Any CPU
		{4021F036-8B42-43A8-9135-3CE1B69D62B9}.Test|Mixed Platforms.Build.0 = Release|Any CPU
		{4021F036-8B42-43A8-9135-3CE1B69D62B9}.Test|x64.ActiveCfg = Release|Any CPU
		{4021F036-8B42-43A8-9135-3CE1B69D62B9}.Test|x64.Build.0 = Release|Any CPU
		{4021F036-8B42-43A8-9135-3CE1B69D62B9}.Test|x86.ActiveCfg = Release|Any CPU
		{4021F036-8B42-43A8-9135-3CE1B69D62B9}.Test|x86.Build.0 = Release|Any CPU
		{6F85E338-1EEE-4CBB-8253-5C986792E414}.Debug|Any CPU.ActiveCfg = Debug|Any CPU
		{6F85E338-1EEE-4CBB-8253-5C986792E414}.Debug|Any CPU.Build.0 = Debug|Any CPU
		{6F85E338-1EEE-4CBB-8253-5C986792E414}.Debug|ARM.ActiveCfg = Debug|Any CPU
		{6F85E338-1EEE-4CBB-8253-5C986792E414}.Debug|ARM.Build.0 = Debug|Any CPU
		{6F85E338-1EEE-4CBB-8253-5C986792E414}.Debug|Mixed Platforms.ActiveCfg = Debug|Any CPU
		{6F85E338-1EEE-4CBB-8253-5C986792E414}.Debug|Mixed Platforms.Build.0 = Debug|Any CPU
		{6F85E338-1EEE-4CBB-8253-5C986792E414}.Debug|x64.ActiveCfg = Debug|Any CPU
		{6F85E338-1EEE-4CBB-8253-5C986792E414}.Debug|x64.Build.0 = Debug|Any CPU
		{6F85E338-1EEE-4CBB-8253-5C986792E414}.Debug|x86.ActiveCfg = Debug|Any CPU
		{6F85E338-1EEE-4CBB-8253-5C986792E414}.Debug|x86.Build.0 = Debug|Any CPU
		{6F85E338-1EEE-4CBB-8253-5C986792E414}.Demo|Any CPU.ActiveCfg = Debug|Any CPU
		{6F85E338-1EEE-4CBB-8253-5C986792E414}.Demo|Any CPU.Build.0 = Debug|Any CPU
		{6F85E338-1EEE-4CBB-8253-5C986792E414}.Demo|ARM.ActiveCfg = Debug|Any CPU
		{6F85E338-1EEE-4CBB-8253-5C986792E414}.Demo|ARM.Build.0 = Debug|Any CPU
		{6F85E338-1EEE-4CBB-8253-5C986792E414}.Demo|Mixed Platforms.ActiveCfg = Debug|Any CPU
		{6F85E338-1EEE-4CBB-8253-5C986792E414}.Demo|Mixed Platforms.Build.0 = Debug|Any CPU
		{6F85E338-1EEE-4CBB-8253-5C986792E414}.Demo|x64.ActiveCfg = Debug|Any CPU
		{6F85E338-1EEE-4CBB-8253-5C986792E414}.Demo|x64.Build.0 = Debug|Any CPU
		{6F85E338-1EEE-4CBB-8253-5C986792E414}.Demo|x86.ActiveCfg = Debug|Any CPU
		{6F85E338-1EEE-4CBB-8253-5C986792E414}.Demo|x86.Build.0 = Debug|Any CPU
		{6F85E338-1EEE-4CBB-8253-5C986792E414}.Release|Any CPU.ActiveCfg = Release|Any CPU
		{6F85E338-1EEE-4CBB-8253-5C986792E414}.Release|Any CPU.Build.0 = Release|Any CPU
		{6F85E338-1EEE-4CBB-8253-5C986792E414}.Release|ARM.ActiveCfg = Release|Any CPU
		{6F85E338-1EEE-4CBB-8253-5C986792E414}.Release|ARM.Build.0 = Release|Any CPU
		{6F85E338-1EEE-4CBB-8253-5C986792E414}.Release|Mixed Platforms.ActiveCfg = Release|Any CPU
		{6F85E338-1EEE-4CBB-8253-5C986792E414}.Release|Mixed Platforms.Build.0 = Release|Any CPU
		{6F85E338-1EEE-4CBB-8253-5C986792E414}.Release|x64.ActiveCfg = Release|Any CPU
		{6F85E338-1EEE-4CBB-8253-5C986792E414}.Release|x64.Build.0 = Release|Any CPU
		{6F85E338-1EEE-4CBB-8253-5C986792E414}.Release|x86.ActiveCfg = Release|Any CPU
		{6F85E338-1EEE-4CBB-8253-5C986792E414}.Release|x86.Build.0 = Release|Any CPU
		{6F85E338-1EEE-4CBB-8253-5C986792E414}.Test|Any CPU.ActiveCfg = Release|Any CPU
		{6F85E338-1EEE-4CBB-8253-5C986792E414}.Test|Any CPU.Build.0 = Release|Any CPU
		{6F85E338-1EEE-4CBB-8253-5C986792E414}.Test|ARM.ActiveCfg = Release|Any CPU
		{6F85E338-1EEE-4CBB-8253-5C986792E414}.Test|ARM.Build.0 = Release|Any CPU
		{6F85E338-1EEE-4CBB-8253-5C986792E414}.Test|Mixed Platforms.ActiveCfg = Release|Any CPU
		{6F85E338-1EEE-4CBB-8253-5C986792E414}.Test|Mixed Platforms.Build.0 = Release|Any CPU
		{6F85E338-1EEE-4CBB-8253-5C986792E414}.Test|x64.ActiveCfg = Release|Any CPU
		{6F85E338-1EEE-4CBB-8253-5C986792E414}.Test|x64.Build.0 = Release|Any CPU
		{6F85E338-1EEE-4CBB-8253-5C986792E414}.Test|x86.ActiveCfg = Release|Any CPU
		{6F85E338-1EEE-4CBB-8253-5C986792E414}.Test|x86.Build.0 = Release|Any CPU
	EndGlobalSection
	GlobalSection(SolutionProperties) = preSolution
		HideSolutionNode = FALSE
	EndGlobalSection
EndGlobal
